{
  "lockfileVersion": 1,
  "configVersion": 1,
  "workspaces": {
    "": {
      "name": "lumiverse-timeline",
      "devDependencies": {
        "lumiverse-spindle-types": "0.6.1",
        "typescript": "^5.7.3",
      },
    },
  },
  "packages": {
    "lumiverse-spindle-types": ["lumiverse-spindle-types@0.6.1", "", {}, "sha512-w9ckXsZDVe5cJS87Vuuo0Nw1imaU7IL/V4uVuoc6CeQOCCMViPa2E8zh3nu9DAtv8xj7vuDQG12KMEkWJpv54A=="],

    "typescript": ["typescript@5.9.3", "", { "bin": { "tsc": "bin/tsc", "tsserver": "bin/tsserver" } }, "sha512-jl1vZzPDinLr9eUt3J/t7V6FgNEw9QjvBPdysz9KfQDD41fQrC2Y4vKQdiaUpFT4bXlb1RHhLpp8wtm6M5TgSw=="],
  }
}
